{
  "requires": true,
  "lockfileVersion": 1,
  "dependencies": {
    "osu-parser": {
      "version": "0.3.3",
      "resolved": "https://registry.npmjs.org/osu-parser/-/osu-parser-0.3.3.tgz",
      "integrity": "sha1-b8V7qXPfD8pcVU6ligz3keHUUNg="
    },
    "osu-pp-calculator": {
      "version": "0.1.7",
      "resolved": "https://registry.npmjs.org/osu-pp-calculator/-/osu-pp-calculator-0.1.7.tgz",
      "integrity": "sha1-Qz5SiVgWiYH99Qn0tr9dPQlmmSQ="
    },
    "osuapi-js": {
      "version": "0.5.1",
      "resolved": "https://registry.npmjs.org/osuapi-js/-/osuapi-js-0.5.1.tgz",
      "integrity": "sha512-cPeyX/b29vw1rkVN8+Aqi/ht8zHggHWKgQG7eL/Cvd5aXnrpXICgO78ejA0mt/2E7qaQrArTOW/Ll0CFUvyGkw==",
      "requires": {
        "osu-parser": "^0.3.3",
        "osu-pp-calculator": "^0.1.7"
      }
    }
  }
}
